PODS:
  - BigInt (4.0.0)
  - CryptoSwift (1.0.0)
  - GRKOpenSSLFramework (1.0.2.13)
  - SwiftLint (0.27.0)

DEPENDENCIES:
  - BigInt (= 4.0.0)
  - CryptoSwift (= 1.0.0)
  - GRKOpenSSLFramework
  - SwiftLint

SPEC REPOS:
  trunk:
    - BigInt
    - CryptoSwift
    - GRKOpenSSLFramework
    - SwiftLint

SPEC CHECKSUMS:
  BigInt: 2aad1a9942dc932ec8b84290d2c564a3d76f97ab
  CryptoSwift: d81eeaa59dc5a8d03720fe919a6fd07b51f7439f
  GRKOpenSSLFramework: aee21fe0d6ab76fefa4f2db599d11b9c3a53c43b
  SwiftLint: 3207c1faa2240bf8973b191820a116113cd11073

PODFILE CHECKSUM: 4c82cd8a48e36a62067144791bef0540f471bf79

COCOAPODS: 1.10.1
